# THIS IS AN AUTOGENERATED FILE. DO NOT EDIT THIS FILE DIRECTLY.
# yarn lockfile v1


react-native-maps@^0.26.1:
  version "0.26.1"
  resolved "https://registry.yarnpkg.com/react-native-maps/-/react-native-maps-0.26.1.tgz#6ec316259b38d259c8974448d894bd7a23101da4"
  integrity sha512-p4VTB8YB5ZmOmDRCUpoHZkm05amZwhIo04AJMBbB9+JAR2PNNfpo0vceoWX0Mag4wnePkdzPomeWMplr/wimTg==
